
Microsoft Visual Studio Solution File, Format Version 12.00
# Visual Studio Version 17
VisualStudioVersion = 17.7.34202.233
MinimumVisualStudioVersion = 10.0.40219.1
Project("{888888A0-9F3D-457C-B088-3A5042F75D52}") = "FinalWholeProject", "FinalWholeProject.pyproj", "{084F7EB6-3FFF-4BC3-9C04-DE7979AFAEE2}"
EndProject
Global
	GlobalSection(SolutionConfigurationPlatforms) = preSolution
		Debug|Any CPU = Debug|Any CPU
		Release|Any CPU = Release|Any CPU
	EndGlobalSection
	GlobalSection(ProjectConfigurationPlatforms) = postSolution
		{084F7EB6-3FFF-4BC3-9C04-DE7979AFAEE2}.Debug|Any CPU.ActiveCfg = Debug|Any CPU
		{084F7EB6-3FFF-4BC3-9C04-DE7979AFAEE2}.Release|Any CPU.ActiveCfg = Release|Any CPU
	EndGlobalSection
	GlobalSection(SolutionProperties) = preSolution
		HideSolutionNode = FALSE
	EndGlobalSection
	GlobalSection(ExtensibilityGlobals) = postSolution
		SolutionGuid = {F0B5E5E8-4B9B-4482-8567-840EFA6A2801}
	EndGlobalSection
EndGlobal
